
Microsoft Visual Studio Solution File, Format Version 12.00
# Visual Studio 14
VisualStudioVersion = 14.0.25420.1
MinimumVisualStudioVersion = 10.0.40219.1
Project("{FAE04EC0-301F-11D3-BF4B-00C04F79EFBC}") = "sharp_class", "sharp_class\sharp_class.csproj", "{13967446-381E-4EBE-B7C4-D6DF5B4B8D2D}"
EndProject
Project("{FAE04EC0-301F-11D3-BF4B-00C04F79EFBC}") = "constructor", "constructor\constructor.csproj", "{87E2DE88-EE64-4AEA-B71C-36948671FA52}"
EndProject
Project("{FAE04EC0-301F-11D3-BF4B-00C04F79EFBC}") = "GarbageCollection", "GarbageCollection\GarbageCollection.csproj", "{672FAA12-7D4C-495E-BE3A-64D9469B9E3D}"
EndProject
Project("{FAE04EC0-301F-11D3-BF4B-00C04F79EFBC}") = "Encapsulation", "Encapsulation\Encapsulation.csproj", "{C6280248-2C3D-4171-B977-53190363B6B0}"
EndProject
Project("{FAE04EC0-301F-11D3-BF4B-00C04F79EFBC}") = "Inheritance", "Inheritance\Inheritance.csproj", "{594FE790-BDB7-446B-963B-A23D1D6A4E28}"
EndProject
Project("{FAE04EC0-301F-11D3-BF4B-00C04F79EFBC}") = "Override", "Override\Override.csproj", "{9F53A1BE-13F7-4B67-863E-FF9AFC96ABA7}"
EndProject
Project("{FAE04EC0-301F-11D3-BF4B-00C04F79EFBC}") = "Protect_use", "Protect_use\Protect_use.csproj", "{3E290609-2A8B-4871-A287-E51109C83E8C}"
EndProject
Project("{FAE04EC0-301F-11D3-BF4B-00C04F79EFBC}") = "List_Demo", "List_Demo\List_Demo.csproj", "{69E19E6D-3707-4820-A2F7-CCFE346F0C87}"
EndProject
Project("{FAE04EC0-301F-11D3-BF4B-00C04F79EFBC}") = "Polymorphism", "Polymorphism\Polymorphism.csproj", "{525FC36D-07C5-4888-93A2-83834A4E069F}"
EndProject
Project("{FAE04EC0-301F-11D3-BF4B-00C04F79EFBC}") = "abstract_demo", "abstract_demo\abstract_demo.csproj", "{F358EE08-04BA-4B21-B6FB-A5B17995E6BF}"
EndProject
Project("{FAE04EC0-301F-11D3-BF4B-00C04F79EFBC}") = "Interface_demo", "Interface_demo\Interface_demo.csproj", "{7B65B8F9-B4E6-47DE-8FA4-69633280DA12}"
EndProject
Project("{FAE04EC0-301F-11D3-BF4B-00C04F79EFBC}") = "Generics", "Generics\Generics.csproj", "{D6B015C2-DFBD-4710-AE99-7C8AB801DA07}"
EndProject
Project("{FAE04EC0-301F-11D3-BF4B-00C04F79EFBC}") = "swich_enum", "swich_enum\swich_enum.csproj", "{6D380149-0D16-46A9-A1AA-0E0550F98C4F}"
EndProject
Project("{FAE04EC0-301F-11D3-BF4B-00C04F79EFBC}") = "Delegate_demo3", "Delegate_demo3\Delegate_demo3.csproj", "{0FBC125A-D402-45BD-9C94-EC158AA86B5A}"
EndProject
Global
	GlobalSection(SolutionConfigurationPlatforms) = preSolution
		Debug|Any CPU = Debug|Any CPU
		Release|Any CPU = Release|Any CPU
	EndGlobalSection
	GlobalSection(ProjectConfigurationPlatforms) = postSolution
		{13967446-381E-4EBE-B7C4-D6DF5B4B8D2D}.Debug|Any CPU.ActiveCfg = Debug|Any CPU
		{13967446-381E-4EBE-B7C4-D6DF5B4B8D2D}.Debug|Any CPU.Build.0 = Debug|Any CPU
		{13967446-381E-4EBE-B7C4-D6DF5B4B8D2D}.Release|Any CPU.ActiveCfg = Release|Any CPU
		{13967446-381E-4EBE-B7C4-D6DF5B4B8D2D}.Release|Any CPU.Build.0 = Release|Any CPU
		{87E2DE88-EE64-4AEA-B71C-36948671FA52}.Debug|Any CPU.ActiveCfg = Debug|Any CPU
		{87E2DE88-EE64-4AEA-B71C-36948671FA52}.Debug|Any CPU.Build.0 = Debug|Any CPU
		{87E2DE88-EE64-4AEA-B71C-36948671FA52}.Release|Any CPU.ActiveCfg = Release|Any CPU
		{87E2DE88-EE64-4AEA-B71C-36948671FA52}.Release|Any CPU.Build.0 = Release|Any CPU
		{672FAA12-7D4C-495E-BE3A-64D9469B9E3D}.Debug|Any CPU.ActiveCfg = Debug|Any CPU
		{672FAA12-7D4C-495E-BE3A-64D9469B9E3D}.Debug|Any CPU.Build.0 = Debug|Any CPU
		{672FAA12-7D4C-495E-BE3A-64D9469B9E3D}.Release|Any CPU.ActiveCfg = Release|Any CPU
		{672FAA12-7D4C-495E-BE3A-64D9469B9E3D}.Release|Any CPU.Build.0 = Release|Any CPU
		{C6280248-2C3D-4171-B977-53190363B6B0}.Debug|Any CPU.ActiveCfg = Debug|Any CPU
		{C6280248-2C3D-4171-B977-53190363B6B0}.Debug|Any CPU.Build.0 = Debug|Any CPU
		{C6280248-2C3D-4171-B977-53190363B6B0}.Release|Any CPU.ActiveCfg = Release|Any CPU
		{C6280248-2C3D-4171-B977-53190363B6B0}.Release|Any CPU.Build.0 = Release|Any CPU
		{594FE790-BDB7-446B-963B-A23D1D6A4E28}.Debug|Any CPU.ActiveCfg = Debug|Any CPU
		{594FE790-BDB7-446B-963B-A23D1D6A4E28}.Debug|Any CPU.Build.0 = Debug|Any CPU
		{594FE790-BDB7-446B-963B-A23D1D6A4E28}.Release|Any CPU.ActiveCfg = Release|Any CPU
		{594FE790-BDB7-446B-963B-A23D1D6A4E28}.Release|Any CPU.Build.0 = Release|Any CPU
		{9F53A1BE-13F7-4B67-863E-FF9AFC96ABA7}.Debug|Any CPU.ActiveCfg = Debug|Any CPU
		{9F53A1BE-13F7-4B67-863E-FF9AFC96ABA7}.Debug|Any CPU.Build.0 = Debug|Any CPU
		{9F53A1BE-13F7-4B67-863E-FF9AFC96ABA7}.Release|Any CPU.ActiveCfg = Release|Any CPU
		{9F53A1BE-13F7-4B67-863E-FF9AFC96ABA7}.Release|Any CPU.Build.0 = Release|Any CPU
		{3E290609-2A8B-4871-A287-E51109C83E8C}.Debug|Any CPU.ActiveCfg = Debug|Any CPU
		{3E290609-2A8B-4871-A287-E51109C83E8C}.Debug|Any CPU.Build.0 = Debug|Any CPU
		{3E290609-2A8B-4871-A287-E51109C83E8C}.Release|Any CPU.ActiveCfg = Release|Any CPU
		{3E290609-2A8B-4871-A287-E51109C83E8C}.Release|Any CPU.Build.0 = Release|Any CPU
		{69E19E6D-3707-4820-A2F7-CCFE346F0C87}.Debug|Any CPU.ActiveCfg = Debug|Any CPU
		{69E19E6D-3707-4820-A2F7-CCFE346F0C87}.Debug|Any CPU.Build.0 = Debug|Any CPU
		{69E19E6D-3707-4820-A2F7-CCFE346F0C87}.Release|Any CPU.ActiveCfg = Release|Any CPU
		{69E19E6D-3707-4820-A2F7-CCFE346F0C87}.Release|Any CPU.Build.0 = Release|Any CPU
		{525FC36D-07C5-4888-93A2-83834A4E069F}.Debug|Any CPU.ActiveCfg = Debug|Any CPU
		{525FC36D-07C5-4888-93A2-83834A4E069F}.Debug|Any CPU.Build.0 = Debug|Any CPU
		{525FC36D-07C5-4888-93A2-83834A4E069F}.Release|Any CPU.ActiveCfg = Release|Any CPU
		{525FC36D-07C5-4888-93A2-83834A4E069F}.Release|Any CPU.Build.0 = Release|Any CPU
		{F358EE08-04BA-4B21-B6FB-A5B17995E6BF}.Debug|Any CPU.ActiveCfg = Debug|Any CPU
		{F358EE08-04BA-4B21-B6FB-A5B17995E6BF}.Debug|Any CPU.Build.0 = Debug|Any CPU
		{F358EE08-04BA-4B21-B6FB-A5B17995E6BF}.Release|Any CPU.ActiveCfg = Release|Any CPU
		{F358EE08-04BA-4B21-B6FB-A5B17995E6BF}.Release|Any CPU.Build.0 = Release|Any CPU
		{7B65B8F9-B4E6-47DE-8FA4-69633280DA12}.Debug|Any CPU.ActiveCfg = Debug|Any CPU
		{7B65B8F9-B4E6-47DE-8FA4-69633280DA12}.Debug|Any CPU.Build.0 = Debug|Any CPU
		{7B65B8F9-B4E6-47DE-8FA4-69633280DA12}.Release|Any CPU.ActiveCfg = Release|Any CPU
		{7B65B8F9-B4E6-47DE-8FA4-69633280DA12}.Release|Any CPU.Build.0 = Release|Any CPU
		{D6B015C2-DFBD-4710-AE99-7C8AB801DA07}.Debug|Any CPU.ActiveCfg = Debug|Any CPU
		{D6B015C2-DFBD-4710-AE99-7C8AB801DA07}.Debug|Any CPU.Build.0 = Debug|Any CPU
		{D6B015C2-DFBD-4710-AE99-7C8AB801DA07}.Release|Any CPU.ActiveCfg = Release|Any CPU
		{D6B015C2-DFBD-4710-AE99-7C8AB801DA07}.Release|Any CPU.Build.0 = Release|Any CPU
		{6D380149-0D16-46A9-A1AA-0E0550F98C4F}.Debug|Any CPU.ActiveCfg = Debug|Any CPU
		{6D380149-0D16-46A9-A1AA-0E0550F98C4F}.Debug|Any CPU.Build.0 = Debug|Any CPU
		{6D380149-0D16-46A9-A1AA-0E0550F98C4F}.Release|Any CPU.ActiveCfg = Release|Any CPU
		{6D380149-0D16-46A9-A1AA-0E0550F98C4F}.Release|Any CPU.Build.0 = Release|Any CPU
		{0FBC125A-D402-45BD-9C94-EC158AA86B5A}.Debug|Any CPU.ActiveCfg = Debug|Any CPU
		{0FBC125A-D402-45BD-9C94-EC158AA86B5A}.Debug|Any CPU.Build.0 = Debug|Any CPU
		{0FBC125A-D402-45BD-9C94-EC158AA86B5A}.Release|Any CPU.ActiveCfg = Release|Any CPU
		{0FBC125A-D402-45BD-9C94-EC158AA86B5A}.Release|Any CPU.Build.0 = Release|Any CPU
	EndGlobalSection
	GlobalSection(SolutionProperties) = preSolution
		HideSolutionNode = FALSE
	EndGlobalSection
EndGlobal
